
Microsoft Visual Studio Solution File, Format Version 12.00
# Visual Studio Version 16
VisualStudioVersion = 16.0.31112.23
MinimumVisualStudioVersion = 10.0.40219.1
Project("{FAE04EC0-301F-11D3-BF4B-00C04F79EFBC}") = "ConnectionAzureSQL", "ConnectionAzureSQL\ConnectionAzureSQL.csproj", "{12675B40-BE2F-4326-ABAA-CF3BDF37A10E}"
EndProject
Project("{FAE04EC0-301F-11D3-BF4B-00C04F79EFBC}") = "SignalRChat", "SignalRChat\SignalRChat.csproj", "{3ADABD66-6252-41CB-B9EB-120B6F7F6DF3}"
EndProject
Project("{FAE04EC0-301F-11D3-BF4B-00C04F79EFBC}") = "MoveShapeDemo", "MoveShapeDemo\MoveShapeDemo.csproj", "{25C09B27-A9E6-49C2-A342-C631A0FF93DE}"
EndProject
Project("{9A19103F-16F7-4668-BE54-9A1E7A4F7556}") = "ExpressionDemo", "ExpressionDemo\ExpressionDemo.csproj", "{C961CFD7-BBF7-4CE4-92A3-5C73951D554B}"
EndProject
Project("{9A19103F-16F7-4668-BE54-9A1E7A4F7556}") = "ConfigurationManagerDemo", "ConfigurationManagerDemo\ConfigurationManagerDemo.csproj", "{090A1B99-2705-4F9E-B5F1-BB9DB4DADFD6}"
EndProject
Project("{2150E333-8FDC-42A3-9474-1A3956D46DE8}") = "AutoMapper", "AutoMapper", "{9E33032D-4A6E-4FE0-928C-346938E49DDF}"
EndProject
Project("{9A19103F-16F7-4668-BE54-9A1E7A4F7556}") = "ASP.NETCoreWebApiDemo", "ASP.NETCoreWebApiDemo\ASP.NETCoreWebApiDemo.csproj", "{280C2010-C4CF-461F-B318-2A07D334DFA1}"
EndProject
Project("{2150E333-8FDC-42A3-9474-1A3956D46DE8}") = "String", "String", "{C88F08A1-ADC9-4BD7-A724-761CA908192F}"
EndProject
Project("{9A19103F-16F7-4668-BE54-9A1E7A4F7556}") = "StringComparisonDemo", "StringComparisonDemo\StringComparisonDemo.csproj", "{CD6CB646-B5C2-4624-9622-2BAB2B67F41A}"
EndProject
Project("{2150E333-8FDC-42A3-9474-1A3956D46DE8}") = "Enum", "Enum", "{0762DD95-4B0E-4336-A723-656172E8897E}"
EndProject
Project("{9A19103F-16F7-4668-BE54-9A1E7A4F7556}") = "EnumDemo", "EnumDemo\EnumDemo.csproj", "{FB3B1213-06A3-4C9F-9443-99B3E57B3D45}"
EndProject
Project("{2150E333-8FDC-42A3-9474-1A3956D46DE8}") = "SQLServer", "SQLServer", "{6D83D8A8-8246-4B9C-B56A-E206D63CDB42}"
EndProject
Project("{FAE04EC0-301F-11D3-BF4B-00C04F79EFBC}") = "MultipleActiveResultSets", "MultipleActiveResultSets\MultipleActiveResultSets.csproj", "{F8CE7D9F-949B-4F28-BADD-E31EE855E9EB}"
EndProject
Global
	GlobalSection(SolutionConfigurationPlatforms) = preSolution
		Debug|Any CPU = Debug|Any CPU
		Release|Any CPU = Release|Any CPU
	EndGlobalSection
	GlobalSection(ProjectConfigurationPlatforms) = postSolution
		{12675B40-BE2F-4326-ABAA-CF3BDF37A10E}.Debug|Any CPU.ActiveCfg = Debug|Any CPU
		{12675B40-BE2F-4326-ABAA-CF3BDF37A10E}.Debug|Any CPU.Build.0 = Debug|Any CPU
		{12675B40-BE2F-4326-ABAA-CF3BDF37A10E}.Release|Any CPU.ActiveCfg = Release|Any CPU
		{12675B40-BE2F-4326-ABAA-CF3BDF37A10E}.Release|Any CPU.Build.0 = Release|Any CPU
		{3ADABD66-6252-41CB-B9EB-120B6F7F6DF3}.Debug|Any CPU.ActiveCfg = Debug|Any CPU
		{3ADABD66-6252-41CB-B9EB-120B6F7F6DF3}.Debug|Any CPU.Build.0 = Debug|Any CPU
		{3ADABD66-6252-41CB-B9EB-120B6F7F6DF3}.Release|Any CPU.ActiveCfg = Release|Any CPU
		{3ADABD66-6252-41CB-B9EB-120B6F7F6DF3}.Release|Any CPU.Build.0 = Release|Any CPU
		{25C09B27-A9E6-49C2-A342-C631A0FF93DE}.Debug|Any CPU.ActiveCfg = Debug|Any CPU
		{25C09B27-A9E6-49C2-A342-C631A0FF93DE}.Debug|Any CPU.Build.0 = Debug|Any CPU
		{25C09B27-A9E6-49C2-A342-C631A0FF93DE}.Release|Any CPU.ActiveCfg = Release|Any CPU
		{25C09B27-A9E6-49C2-A342-C631A0FF93DE}.Release|Any CPU.Build.0 = Release|Any CPU
		{C961CFD7-BBF7-4CE4-92A3-5C73951D554B}.Debug|Any CPU.ActiveCfg = Debug|Any CPU
		{C961CFD7-BBF7-4CE4-92A3-5C73951D554B}.Debug|Any CPU.Build.0 = Debug|Any CPU
		{C961CFD7-BBF7-4CE4-92A3-5C73951D554B}.Release|Any CPU.ActiveCfg = Release|Any CPU
		{C961CFD7-BBF7-4CE4-92A3-5C73951D554B}.Release|Any CPU.Build.0 = Release|Any CPU
		{090A1B99-2705-4F9E-B5F1-BB9DB4DADFD6}.Debug|Any CPU.ActiveCfg = Debug|Any CPU
		{090A1B99-2705-4F9E-B5F1-BB9DB4DADFD6}.Debug|Any CPU.Build.0 = Debug|Any CPU
		{090A1B99-2705-4F9E-B5F1-BB9DB4DADFD6}.Release|Any CPU.ActiveCfg = Release|Any CPU
		{090A1B99-2705-4F9E-B5F1-BB9DB4DADFD6}.Release|Any CPU.Build.0 = Release|Any CPU
		{280C2010-C4CF-461F-B318-2A07D334DFA1}.Debug|Any CPU.ActiveCfg = Debug|Any CPU
		{280C2010-C4CF-461F-B318-2A07D334DFA1}.Debug|Any CPU.Build.0 = Debug|Any CPU
		{280C2010-C4CF-461F-B318-2A07D334DFA1}.Release|Any CPU.ActiveCfg = Release|Any CPU
		{280C2010-C4CF-461F-B318-2A07D334DFA1}.Release|Any CPU.Build.0 = Release|Any CPU
		{CD6CB646-B5C2-4624-9622-2BAB2B67F41A}.Debug|Any CPU.ActiveCfg = Debug|Any CPU
		{CD6CB646-B5C2-4624-9622-2BAB2B67F41A}.Debug|Any CPU.Build.0 = Debug|Any CPU
		{CD6CB646-B5C2-4624-9622-2BAB2B67F41A}.Release|Any CPU.ActiveCfg = Release|Any CPU
		{CD6CB646-B5C2-4624-9622-2BAB2B67F41A}.Release|Any CPU.Build.0 = Release|Any CPU
		{FB3B1213-06A3-4C9F-9443-99B3E57B3D45}.Debug|Any CPU.ActiveCfg = Debug|Any CPU
		{FB3B1213-06A3-4C9F-9443-99B3E57B3D45}.Debug|Any CPU.Build.0 = Debug|Any CPU
		{FB3B1213-06A3-4C9F-9443-99B3E57B3D45}.Release|Any CPU.ActiveCfg = Release|Any CPU
		{FB3B1213-06A3-4C9F-9443-99B3E57B3D45}.Release|Any CPU.Build.0 = Release|Any CPU
		{F8CE7D9F-949B-4F28-BADD-E31EE855E9EB}.Debug|Any CPU.ActiveCfg = Debug|Any CPU
		{F8CE7D9F-949B-4F28-BADD-E31EE855E9EB}.Debug|Any CPU.Build.0 = Debug|Any CPU
		{F8CE7D9F-949B-4F28-BADD-E31EE855E9EB}.Release|Any CPU.ActiveCfg = Release|Any CPU
		{F8CE7D9F-949B-4F28-BADD-E31EE855E9EB}.Release|Any CPU.Build.0 = Release|Any CPU
	EndGlobalSection
	GlobalSection(SolutionProperties) = preSolution
		HideSolutionNode = FALSE
	EndGlobalSection
	GlobalSection(NestedProjects) = preSolution
		{280C2010-C4CF-461F-B318-2A07D334DFA1} = {9E33032D-4A6E-4FE0-928C-346938E49DDF}
		{CD6CB646-B5C2-4624-9622-2BAB2B67F41A} = {C88F08A1-ADC9-4BD7-A724-761CA908192F}
		{FB3B1213-06A3-4C9F-9443-99B3E57B3D45} = {0762DD95-4B0E-4336-A723-656172E8897E}
		{F8CE7D9F-949B-4F28-BADD-E31EE855E9EB} = {6D83D8A8-8246-4B9C-B56A-E206D63CDB42}
	EndGlobalSection
	GlobalSection(ExtensibilityGlobals) = postSolution
		SolutionGuid = {D21EC0C4-4980-4E46-A726-9CAA05061822}
	EndGlobalSection
EndGlobal
