
Microsoft Visual Studio Solution File, Format Version 12.00
# Visual Studio Version 17
VisualStudioVersion = 17.0.31903.59
MinimumVisualStudioVersion = 10.0.40219.1
Project("{FAE04EC0-301F-11D3-BF4B-00C04F79EFBC}") = "ConnectionAzureSQL", "ConnectionAzureSQL\ConnectionAzureSQL.csproj", "{12675B40-BE2F-4326-ABAA-CF3BDF37A10E}"
EndProject
Project("{9A19103F-16F7-4668-BE54-9A1E7A4F7556}") = "ConfigurationManagerDemo", "ConfigurationManagerDemo\ConfigurationManagerDemo.csproj", "{090A1B99-2705-4F9E-B5F1-BB9DB4DADFD6}"
EndProject
Project("{2150E333-8FDC-42A3-9474-1A3956D46DE8}") = "2-AutoMapper", "2-AutoMapper", "{9E33032D-4A6E-4FE0-928C-346938E49DDF}"
EndProject
Project("{9A19103F-16F7-4668-BE54-9A1E7A4F7556}") = "ASP.NETCoreWebApiDemo", "ASP.NETCoreWebApiDemo\ASP.NETCoreWebApiDemo.csproj", "{280C2010-C4CF-461F-B318-2A07D334DFA1}"
EndProject
Project("{2150E333-8FDC-42A3-9474-1A3956D46DE8}") = "6-String", "6-String", "{C88F08A1-ADC9-4BD7-A724-761CA908192F}"
EndProject
Project("{9A19103F-16F7-4668-BE54-9A1E7A4F7556}") = "StringComparisonDemo", "StringComparisonDemo\StringComparisonDemo.csproj", "{CD6CB646-B5C2-4624-9622-2BAB2B67F41A}"
EndProject
Project("{2150E333-8FDC-42A3-9474-1A3956D46DE8}") = "3-Enum", "3-Enum", "{0762DD95-4B0E-4336-A723-656172E8897E}"
EndProject
Project("{9A19103F-16F7-4668-BE54-9A1E7A4F7556}") = "EnumDemo", "EnumDemo\EnumDemo.csproj", "{FB3B1213-06A3-4C9F-9443-99B3E57B3D45}"
EndProject
Project("{2150E333-8FDC-42A3-9474-1A3956D46DE8}") = "5-SQLServer", "5-SQLServer", "{6D83D8A8-8246-4B9C-B56A-E206D63CDB42}"
EndProject
Project("{FAE04EC0-301F-11D3-BF4B-00C04F79EFBC}") = "MultipleActiveResultSets", "MultipleActiveResultSets\MultipleActiveResultSets.csproj", "{F8CE7D9F-949B-4F28-BADD-E31EE855E9EB}"
EndProject
Project("{2150E333-8FDC-42A3-9474-1A3956D46DE8}") = "4-LINQ", "4-LINQ", "{52B2AB8F-AFBD-41A2-9F87-3EC5267EF2EC}"
EndProject
Project("{9A19103F-16F7-4668-BE54-9A1E7A4F7556}") = "Core-SelectMany", "Core-SelectMany\Core-SelectMany.csproj", "{C58F2716-EB01-454F-99DE-784B18911866}"
EndProject
Project("{2150E333-8FDC-42A3-9474-1A3956D46DE8}") = "1-SignalR", "1-SignalR", "{7F2C6222-0D76-4F2C-B0E3-F8751EF92A5F}"
EndProject
Project("{FAE04EC0-301F-11D3-BF4B-00C04F79EFBC}") = "1-SignalRChat", "1-SignalRChat\1-SignalRChat.csproj", "{0B855A4F-F0F3-43D7-9FE3-84F9CD8567F3}"
EndProject
Project("{FAE04EC0-301F-11D3-BF4B-00C04F79EFBC}") = "2-SignalRMvcChat", "2-SignalRMvcChat\2-SignalRMvcChat.csproj", "{0FD9D2C3-91E4-4D6F-A3E9-8B81335DF219}"
EndProject
Project("{FAE04EC0-301F-11D3-BF4B-00C04F79EFBC}") = "3-MoveShapeDemo", "3-MoveShapeDemo\3-MoveShapeDemo.csproj", "{46A00652-F831-46C8-9195-F46931D96035}"
EndProject
Project("{2150E333-8FDC-42A3-9474-1A3956D46DE8}") = "7-Expression", "7-Expression", "{CF50EDF5-CEDD-40D0-AF7E-76F7690A5BB5}"
EndProject
Project("{FAE04EC0-301F-11D3-BF4B-00C04F79EFBC}") = "1-NullableTypes", "1-NullableTypes\1-NullableTypes.csproj", "{DE928DDC-8A9B-4FAB-B8A0-132B5CB105D1}"
EndProject
Project("{FAE04EC0-301F-11D3-BF4B-00C04F79EFBC}") = "2-NullableTypes", "2-NullableTypes\2-NullableTypes.csproj", "{153B4685-68EC-4BDA-A308-822359EA8F6D}"
EndProject
Global
	GlobalSection(SolutionConfigurationPlatforms) = preSolution
		Debug|Any CPU = Debug|Any CPU
		Release|Any CPU = Release|Any CPU
	EndGlobalSection
	GlobalSection(ProjectConfigurationPlatforms) = postSolution
		{12675B40-BE2F-4326-ABAA-CF3BDF37A10E}.Debug|Any CPU.ActiveCfg = Debug|Any CPU
		{12675B40-BE2F-4326-ABAA-CF3BDF37A10E}.Debug|Any CPU.Build.0 = Debug|Any CPU
		{12675B40-BE2F-4326-ABAA-CF3BDF37A10E}.Release|Any CPU.ActiveCfg = Release|Any CPU
		{12675B40-BE2F-4326-ABAA-CF3BDF37A10E}.Release|Any CPU.Build.0 = Release|Any CPU
		{090A1B99-2705-4F9E-B5F1-BB9DB4DADFD6}.Debug|Any CPU.ActiveCfg = Debug|Any CPU
		{090A1B99-2705-4F9E-B5F1-BB9DB4DADFD6}.Debug|Any CPU.Build.0 = Debug|Any CPU
		{090A1B99-2705-4F9E-B5F1-BB9DB4DADFD6}.Release|Any CPU.ActiveCfg = Release|Any CPU
		{090A1B99-2705-4F9E-B5F1-BB9DB4DADFD6}.Release|Any CPU.Build.0 = Release|Any CPU
		{280C2010-C4CF-461F-B318-2A07D334DFA1}.Debug|Any CPU.ActiveCfg = Debug|Any CPU
		{280C2010-C4CF-461F-B318-2A07D334DFA1}.Debug|Any CPU.Build.0 = Debug|Any CPU
		{280C2010-C4CF-461F-B318-2A07D334DFA1}.Release|Any CPU.ActiveCfg = Release|Any CPU
		{280C2010-C4CF-461F-B318-2A07D334DFA1}.Release|Any CPU.Build.0 = Release|Any CPU
		{CD6CB646-B5C2-4624-9622-2BAB2B67F41A}.Debug|Any CPU.ActiveCfg = Debug|Any CPU
		{CD6CB646-B5C2-4624-9622-2BAB2B67F41A}.Debug|Any CPU.Build.0 = Debug|Any CPU
		{CD6CB646-B5C2-4624-9622-2BAB2B67F41A}.Release|Any CPU.ActiveCfg = Release|Any CPU
		{CD6CB646-B5C2-4624-9622-2BAB2B67F41A}.Release|Any CPU.Build.0 = Release|Any CPU
		{FB3B1213-06A3-4C9F-9443-99B3E57B3D45}.Debug|Any CPU.ActiveCfg = Debug|Any CPU
		{FB3B1213-06A3-4C9F-9443-99B3E57B3D45}.Debug|Any CPU.Build.0 = Debug|Any CPU
		{FB3B1213-06A3-4C9F-9443-99B3E57B3D45}.Release|Any CPU.ActiveCfg = Release|Any CPU
		{FB3B1213-06A3-4C9F-9443-99B3E57B3D45}.Release|Any CPU.Build.0 = Release|Any CPU
		{F8CE7D9F-949B-4F28-BADD-E31EE855E9EB}.Debug|Any CPU.ActiveCfg = Debug|Any CPU
		{F8CE7D9F-949B-4F28-BADD-E31EE855E9EB}.Debug|Any CPU.Build.0 = Debug|Any CPU
		{F8CE7D9F-949B-4F28-BADD-E31EE855E9EB}.Release|Any CPU.ActiveCfg = Release|Any CPU
		{F8CE7D9F-949B-4F28-BADD-E31EE855E9EB}.Release|Any CPU.Build.0 = Release|Any CPU
		{C58F2716-EB01-454F-99DE-784B18911866}.Debug|Any CPU.ActiveCfg = Debug|Any CPU
		{C58F2716-EB01-454F-99DE-784B18911866}.Debug|Any CPU.Build.0 = Debug|Any CPU
		{C58F2716-EB01-454F-99DE-784B18911866}.Release|Any CPU.ActiveCfg = Release|Any CPU
		{C58F2716-EB01-454F-99DE-784B18911866}.Release|Any CPU.Build.0 = Release|Any CPU
		{0B855A4F-F0F3-43D7-9FE3-84F9CD8567F3}.Debug|Any CPU.ActiveCfg = Debug|Any CPU
		{0B855A4F-F0F3-43D7-9FE3-84F9CD8567F3}.Debug|Any CPU.Build.0 = Debug|Any CPU
		{0B855A4F-F0F3-43D7-9FE3-84F9CD8567F3}.Release|Any CPU.ActiveCfg = Release|Any CPU
		{0B855A4F-F0F3-43D7-9FE3-84F9CD8567F3}.Release|Any CPU.Build.0 = Release|Any CPU
		{0FD9D2C3-91E4-4D6F-A3E9-8B81335DF219}.Debug|Any CPU.ActiveCfg = Debug|Any CPU
		{0FD9D2C3-91E4-4D6F-A3E9-8B81335DF219}.Debug|Any CPU.Build.0 = Debug|Any CPU
		{0FD9D2C3-91E4-4D6F-A3E9-8B81335DF219}.Release|Any CPU.ActiveCfg = Release|Any CPU
		{0FD9D2C3-91E4-4D6F-A3E9-8B81335DF219}.Release|Any CPU.Build.0 = Release|Any CPU
		{46A00652-F831-46C8-9195-F46931D96035}.Debug|Any CPU.ActiveCfg = Debug|Any CPU
		{46A00652-F831-46C8-9195-F46931D96035}.Debug|Any CPU.Build.0 = Debug|Any CPU
		{46A00652-F831-46C8-9195-F46931D96035}.Release|Any CPU.ActiveCfg = Release|Any CPU
		{46A00652-F831-46C8-9195-F46931D96035}.Release|Any CPU.Build.0 = Release|Any CPU
		{DE928DDC-8A9B-4FAB-B8A0-132B5CB105D1}.Debug|Any CPU.ActiveCfg = Debug|Any CPU
		{DE928DDC-8A9B-4FAB-B8A0-132B5CB105D1}.Debug|Any CPU.Build.0 = Debug|Any CPU
		{DE928DDC-8A9B-4FAB-B8A0-132B5CB105D1}.Release|Any CPU.ActiveCfg = Release|Any CPU
		{DE928DDC-8A9B-4FAB-B8A0-132B5CB105D1}.Release|Any CPU.Build.0 = Release|Any CPU
		{153B4685-68EC-4BDA-A308-822359EA8F6D}.Debug|Any CPU.ActiveCfg = Debug|Any CPU
		{153B4685-68EC-4BDA-A308-822359EA8F6D}.Debug|Any CPU.Build.0 = Debug|Any CPU
		{153B4685-68EC-4BDA-A308-822359EA8F6D}.Release|Any CPU.ActiveCfg = Release|Any CPU
		{153B4685-68EC-4BDA-A308-822359EA8F6D}.Release|Any CPU.Build.0 = Release|Any CPU
	EndGlobalSection
	GlobalSection(SolutionProperties) = preSolution
		HideSolutionNode = FALSE
	EndGlobalSection
	GlobalSection(NestedProjects) = preSolution
		{280C2010-C4CF-461F-B318-2A07D334DFA1} = {9E33032D-4A6E-4FE0-928C-346938E49DDF}
		{CD6CB646-B5C2-4624-9622-2BAB2B67F41A} = {C88F08A1-ADC9-4BD7-A724-761CA908192F}
		{FB3B1213-06A3-4C9F-9443-99B3E57B3D45} = {0762DD95-4B0E-4336-A723-656172E8897E}
		{F8CE7D9F-949B-4F28-BADD-E31EE855E9EB} = {6D83D8A8-8246-4B9C-B56A-E206D63CDB42}
		{C58F2716-EB01-454F-99DE-784B18911866} = {52B2AB8F-AFBD-41A2-9F87-3EC5267EF2EC}
		{0B855A4F-F0F3-43D7-9FE3-84F9CD8567F3} = {7F2C6222-0D76-4F2C-B0E3-F8751EF92A5F}
		{0FD9D2C3-91E4-4D6F-A3E9-8B81335DF219} = {7F2C6222-0D76-4F2C-B0E3-F8751EF92A5F}
		{46A00652-F831-46C8-9195-F46931D96035} = {7F2C6222-0D76-4F2C-B0E3-F8751EF92A5F}
		{DE928DDC-8A9B-4FAB-B8A0-132B5CB105D1} = {CF50EDF5-CEDD-40D0-AF7E-76F7690A5BB5}
		{153B4685-68EC-4BDA-A308-822359EA8F6D} = {CF50EDF5-CEDD-40D0-AF7E-76F7690A5BB5}
	EndGlobalSection
	GlobalSection(ExtensibilityGlobals) = postSolution
		SolutionGuid = {D21EC0C4-4980-4E46-A726-9CAA05061822}
	EndGlobalSection
EndGlobal
